
Microsoft Visual Studio Solution File, Format Version 12.00
# Visual Studio Version 17
VisualStudioVersion = 17.8.34330.188
MinimumVisualStudioVersion = 10.0.40219.1
Project("{FAE04EC0-301F-11D3-BF4B-00C04F79EFBC}") = "Contracts", "Contracts\Contracts.csproj", "{3045B02E-F6A3-4663-9B37-8632466EAA0B}"
EndProject
Project("{FAE04EC0-301F-11D3-BF4B-00C04F79EFBC}") = "LoggerService", "LoggerService\LoggerService.csproj", "{D95E2DAD-2914-4511-86A0-3DC50DF4F3F3}"
EndProject
Project("{9A19103F-16F7-4668-BE54-9A1E7A4F7556}") = "CompanyEmployee", "..\ch1\CompanyEmployee\CompanyEmployee\CompanyEmployee.csproj", "{69E651A4-C5C2-40BB-98F3-B977D47F697E}"
EndProject
Project("{9A19103F-16F7-4668-BE54-9A1E7A4F7556}") = "MiddlewareExample", "..\ch1\CompanyEmployee\MiddlewareExample\MiddlewareExample.csproj", "{A2E0948B-C126-4D71-A324-F671D76228DA}"
EndProject
Global
	GlobalSection(SolutionConfigurationPlatforms) = preSolution
		Debug|Any CPU = Debug|Any CPU
		Release|Any CPU = Release|Any CPU
	EndGlobalSection
	GlobalSection(ProjectConfigurationPlatforms) = postSolution
		{3045B02E-F6A3-4663-9B37-8632466EAA0B}.Debug|Any CPU.ActiveCfg = Debug|Any CPU
		{3045B02E-F6A3-4663-9B37-8632466EAA0B}.Debug|Any CPU.Build.0 = Debug|Any CPU
		{3045B02E-F6A3-4663-9B37-8632466EAA0B}.Release|Any CPU.ActiveCfg = Release|Any CPU
		{3045B02E-F6A3-4663-9B37-8632466EAA0B}.Release|Any CPU.Build.0 = Release|Any CPU
		{D95E2DAD-2914-4511-86A0-3DC50DF4F3F3}.Debug|Any CPU.ActiveCfg = Debug|Any CPU
		{D95E2DAD-2914-4511-86A0-3DC50DF4F3F3}.Debug|Any CPU.Build.0 = Debug|Any CPU
		{D95E2DAD-2914-4511-86A0-3DC50DF4F3F3}.Release|Any CPU.ActiveCfg = Release|Any CPU
		{D95E2DAD-2914-4511-86A0-3DC50DF4F3F3}.Release|Any CPU.Build.0 = Release|Any CPU
		{69E651A4-C5C2-40BB-98F3-B977D47F697E}.Debug|Any CPU.ActiveCfg = Debug|Any CPU
		{69E651A4-C5C2-40BB-98F3-B977D47F697E}.Debug|Any CPU.Build.0 = Debug|Any CPU
		{69E651A4-C5C2-40BB-98F3-B977D47F697E}.Release|Any CPU.ActiveCfg = Release|Any CPU
		{69E651A4-C5C2-40BB-98F3-B977D47F697E}.Release|Any CPU.Build.0 = Release|Any CPU
		{A2E0948B-C126-4D71-A324-F671D76228DA}.Debug|Any CPU.ActiveCfg = Debug|Any CPU
		{A2E0948B-C126-4D71-A324-F671D76228DA}.Debug|Any CPU.Build.0 = Debug|Any CPU
		{A2E0948B-C126-4D71-A324-F671D76228DA}.Release|Any CPU.ActiveCfg = Release|Any CPU
		{A2E0948B-C126-4D71-A324-F671D76228DA}.Release|Any CPU.Build.0 = Release|Any CPU
	EndGlobalSection
	GlobalSection(SolutionProperties) = preSolution
		HideSolutionNode = FALSE
	EndGlobalSection
	GlobalSection(ExtensibilityGlobals) = postSolution
		SolutionGuid = {3BFA0FE4-2BD8-4F19-A9BD-CA4DF2D9BD46}
	EndGlobalSection
EndGlobal
