
Microsoft Visual Studio Solution File, Format Version 12.00
# Visual Studio Version 17
VisualStudioVersion = 17.8.34330.188
MinimumVisualStudioVersion = 10.0.40219.1
Project("{9A19103F-16F7-4668-BE54-9A1E7A4F7556}") = "Contracts", "Contracts\Contracts.csproj", "{3045B02E-F6A3-4663-9B37-8632466EAA0B}"
EndProject
Project("{9A19103F-16F7-4668-BE54-9A1E7A4F7556}") = "LoggerService", "LoggerService\LoggerService.csproj", "{D95E2DAD-2914-4511-86A0-3DC50DF4F3F3}"
EndProject
Project("{9A19103F-16F7-4668-BE54-9A1E7A4F7556}") = "CompanyEmployee", "..\ch1\CompanyEmployee\CompanyEmployee\CompanyEmployee.csproj", "{69E651A4-C5C2-40BB-98F3-B977D47F697E}"
EndProject
Project("{9A19103F-16F7-4668-BE54-9A1E7A4F7556}") = "MiddlewareExample", "..\ch1\CompanyEmployee\MiddlewareExample\MiddlewareExample.csproj", "{A2E0948B-C126-4D71-A324-F671D76228DA}"
EndProject
Project("{9A19103F-16F7-4668-BE54-9A1E7A4F7556}") = "Entities", "Entities\Entities.csproj", "{6FDB0E5E-7692-4170-8E5D-F5CF9FD42259}"
EndProject
Project("{9A19103F-16F7-4668-BE54-9A1E7A4F7556}") = "Repository", "Repository\Repository.csproj", "{63C9C238-1FA3-4EE7-A714-40B338E0E7CC}"
EndProject
Project("{9A19103F-16F7-4668-BE54-9A1E7A4F7556}") = "Service.Contracts", "Service.Contracts\Service.Contracts.csproj", "{5A9625FD-BFE3-4F3B-B8E4-34E7F18B6A09}"
EndProject
Project("{9A19103F-16F7-4668-BE54-9A1E7A4F7556}") = "Service", "Service\Service.csproj", "{AD4E0B6E-67A7-4D2D-A388-0587A5E84968}"
EndProject
Project("{FAE04EC0-301F-11D3-BF4B-00C04F79EFBC}") = "CompanyEmployees.Presentation", "CompanyEmployees.Presentation\CompanyEmployees.Presentation.csproj", "{27A7A5D8-7864-48D8-A706-72D54AAFFE16}"
EndProject
Project("{FAE04EC0-301F-11D3-BF4B-00C04F79EFBC}") = "Shared", "Shared\Shared.csproj", "{F28AFF28-79F4-4170-ACA2-955147F2A6BB}"
EndProject
Global
	GlobalSection(SolutionConfigurationPlatforms) = preSolution
		Debug|Any CPU = Debug|Any CPU
		Release|Any CPU = Release|Any CPU
	EndGlobalSection
	GlobalSection(ProjectConfigurationPlatforms) = postSolution
		{3045B02E-F6A3-4663-9B37-8632466EAA0B}.Debug|Any CPU.ActiveCfg = Debug|Any CPU
		{3045B02E-F6A3-4663-9B37-8632466EAA0B}.Debug|Any CPU.Build.0 = Debug|Any CPU
		{3045B02E-F6A3-4663-9B37-8632466EAA0B}.Release|Any CPU.ActiveCfg = Release|Any CPU
		{3045B02E-F6A3-4663-9B37-8632466EAA0B}.Release|Any CPU.Build.0 = Release|Any CPU
		{D95E2DAD-2914-4511-86A0-3DC50DF4F3F3}.Debug|Any CPU.ActiveCfg = Debug|Any CPU
		{D95E2DAD-2914-4511-86A0-3DC50DF4F3F3}.Debug|Any CPU.Build.0 = Debug|Any CPU
		{D95E2DAD-2914-4511-86A0-3DC50DF4F3F3}.Release|Any CPU.ActiveCfg = Release|Any CPU
		{D95E2DAD-2914-4511-86A0-3DC50DF4F3F3}.Release|Any CPU.Build.0 = Release|Any CPU
		{69E651A4-C5C2-40BB-98F3-B977D47F697E}.Debug|Any CPU.ActiveCfg = Debug|Any CPU
		{69E651A4-C5C2-40BB-98F3-B977D47F697E}.Debug|Any CPU.Build.0 = Debug|Any CPU
		{69E651A4-C5C2-40BB-98F3-B977D47F697E}.Release|Any CPU.ActiveCfg = Release|Any CPU
		{69E651A4-C5C2-40BB-98F3-B977D47F697E}.Release|Any CPU.Build.0 = Release|Any CPU
		{A2E0948B-C126-4D71-A324-F671D76228DA}.Debug|Any CPU.ActiveCfg = Debug|Any CPU
		{A2E0948B-C126-4D71-A324-F671D76228DA}.Debug|Any CPU.Build.0 = Debug|Any CPU
		{A2E0948B-C126-4D71-A324-F671D76228DA}.Release|Any CPU.ActiveCfg = Release|Any CPU
		{A2E0948B-C126-4D71-A324-F671D76228DA}.Release|Any CPU.Build.0 = Release|Any CPU
		{6FDB0E5E-7692-4170-8E5D-F5CF9FD42259}.Debug|Any CPU.ActiveCfg = Debug|Any CPU
		{6FDB0E5E-7692-4170-8E5D-F5CF9FD42259}.Debug|Any CPU.Build.0 = Debug|Any CPU
		{6FDB0E5E-7692-4170-8E5D-F5CF9FD42259}.Release|Any CPU.ActiveCfg = Release|Any CPU
		{6FDB0E5E-7692-4170-8E5D-F5CF9FD42259}.Release|Any CPU.Build.0 = Release|Any CPU
		{63C9C238-1FA3-4EE7-A714-40B338E0E7CC}.Debug|Any CPU.ActiveCfg = Debug|Any CPU
		{63C9C238-1FA3-4EE7-A714-40B338E0E7CC}.Debug|Any CPU.Build.0 = Debug|Any CPU
		{63C9C238-1FA3-4EE7-A714-40B338E0E7CC}.Release|Any CPU.ActiveCfg = Release|Any CPU
		{63C9C238-1FA3-4EE7-A714-40B338E0E7CC}.Release|Any CPU.Build.0 = Release|Any CPU
		{5A9625FD-BFE3-4F3B-B8E4-34E7F18B6A09}.Debug|Any CPU.ActiveCfg = Debug|Any CPU
		{5A9625FD-BFE3-4F3B-B8E4-34E7F18B6A09}.Debug|Any CPU.Build.0 = Debug|Any CPU
		{5A9625FD-BFE3-4F3B-B8E4-34E7F18B6A09}.Release|Any CPU.ActiveCfg = Release|Any CPU
		{5A9625FD-BFE3-4F3B-B8E4-34E7F18B6A09}.Release|Any CPU.Build.0 = Release|Any CPU
		{AD4E0B6E-67A7-4D2D-A388-0587A5E84968}.Debug|Any CPU.ActiveCfg = Debug|Any CPU
		{AD4E0B6E-67A7-4D2D-A388-0587A5E84968}.Debug|Any CPU.Build.0 = Debug|Any CPU
		{AD4E0B6E-67A7-4D2D-A388-0587A5E84968}.Release|Any CPU.ActiveCfg = Release|Any CPU
		{AD4E0B6E-67A7-4D2D-A388-0587A5E84968}.Release|Any CPU.Build.0 = Release|Any CPU
		{27A7A5D8-7864-48D8-A706-72D54AAFFE16}.Debug|Any CPU.ActiveCfg = Debug|Any CPU
		{27A7A5D8-7864-48D8-A706-72D54AAFFE16}.Debug|Any CPU.Build.0 = Debug|Any CPU
		{27A7A5D8-7864-48D8-A706-72D54AAFFE16}.Release|Any CPU.ActiveCfg = Release|Any CPU
		{27A7A5D8-7864-48D8-A706-72D54AAFFE16}.Release|Any CPU.Build.0 = Release|Any CPU
		{F28AFF28-79F4-4170-ACA2-955147F2A6BB}.Debug|Any CPU.ActiveCfg = Debug|Any CPU
		{F28AFF28-79F4-4170-ACA2-955147F2A6BB}.Debug|Any CPU.Build.0 = Debug|Any CPU
		{F28AFF28-79F4-4170-ACA2-955147F2A6BB}.Release|Any CPU.ActiveCfg = Release|Any CPU
		{F28AFF28-79F4-4170-ACA2-955147F2A6BB}.Release|Any CPU.Build.0 = Release|Any CPU
	EndGlobalSection
	GlobalSection(SolutionProperties) = preSolution
		HideSolutionNode = FALSE
	EndGlobalSection
	GlobalSection(ExtensibilityGlobals) = postSolution
		SolutionGuid = {3BFA0FE4-2BD8-4F19-A9BD-CA4DF2D9BD46}
	EndGlobalSection
EndGlobal
