
Microsoft Visual Studio Solution File, Format Version 12.00
# Visual Studio Version 17
VisualStudioVersion = 17.8.34330.188
MinimumVisualStudioVersion = 10.0.40219.1
Project("{FAE04EC0-301F-11D3-BF4B-00C04F79EFBC}") = "CompanyEmployee", "CompanyEmployee\CompanyEmployee.csproj", "{FF1554D0-BC20-4B48-ADA6-695B7759C35F}"
EndProject
Project("{FAE04EC0-301F-11D3-BF4B-00C04F79EFBC}") = "MiddlewareExample", "MiddlewareExample\MiddlewareExample.csproj", "{30076401-56C9-4CFE-B731-BE5062E5935B}"
EndProject
Global
	GlobalSection(SolutionConfigurationPlatforms) = preSolution
		Debug|Any CPU = Debug|Any CPU
		Release|Any CPU = Release|Any CPU
	EndGlobalSection
	GlobalSection(ProjectConfigurationPlatforms) = postSolution
		{FF1554D0-BC20-4B48-ADA6-695B7759C35F}.Debug|Any CPU.ActiveCfg = Debug|Any CPU
		{FF1554D0-BC20-4B48-ADA6-695B7759C35F}.Debug|Any CPU.Build.0 = Debug|Any CPU
		{FF1554D0-BC20-4B48-ADA6-695B7759C35F}.Release|Any CPU.ActiveCfg = Release|Any CPU
		{FF1554D0-BC20-4B48-ADA6-695B7759C35F}.Release|Any CPU.Build.0 = Release|Any CPU
		{30076401-56C9-4CFE-B731-BE5062E5935B}.Debug|Any CPU.ActiveCfg = Debug|Any CPU
		{30076401-56C9-4CFE-B731-BE5062E5935B}.Debug|Any CPU.Build.0 = Debug|Any CPU
		{30076401-56C9-4CFE-B731-BE5062E5935B}.Release|Any CPU.ActiveCfg = Release|Any CPU
		{30076401-56C9-4CFE-B731-BE5062E5935B}.Release|Any CPU.Build.0 = Release|Any CPU
	EndGlobalSection
	GlobalSection(SolutionProperties) = preSolution
		HideSolutionNode = FALSE
	EndGlobalSection
	GlobalSection(ExtensibilityGlobals) = postSolution
		SolutionGuid = {1FD97064-AA78-4F0F-A2DB-62F9986BD7C0}
	EndGlobalSection
EndGlobal
